
Microsoft Visual Studio Solution File, Format Version 12.00
# Visual Studio Version 16
VisualStudioVersion = 16.0.31321.278
MinimumVisualStudioVersion = 10.0.40219.1
Project("{FAE04EC0-301F-11D3-BF4B-00C04F79EFBC}") = "Loops_Wilson_Kenny", "Loops_Wilson_Kenny\Loops_Wilson_Kenny.csproj", "{7EAF2542-8F37-4F4D-920B-D4E51E521219}"
EndProject
Global
	GlobalSection(SolutionConfigurationPlatforms) = preSolution
		Debug|Any CPU = Debug|Any CPU
		Release|Any CPU = Release|Any CPU
	EndGlobalSection
	GlobalSection(ProjectConfigurationPlatforms) = postSolution
		{7EAF2542-8F37-4F4D-920B-D4E51E521219}.Debug|Any CPU.ActiveCfg = Debug|Any CPU
		{7EAF2542-8F37-4F4D-920B-D4E51E521219}.Debug|Any CPU.Build.0 = Debug|Any CPU
		{7EAF2542-8F37-4F4D-920B-D4E51E521219}.Release|Any CPU.ActiveCfg = Release|Any CPU
		{7EAF2542-8F37-4F4D-920B-D4E51E521219}.Release|Any CPU.Build.0 = Release|Any CPU
	EndGlobalSection
	GlobalSection(SolutionProperties) = preSolution
		HideSolutionNode = FALSE
	EndGlobalSection
	GlobalSection(ExtensibilityGlobals) = postSolution
		SolutionGuid = {33A6B699-F5BF-4358-92BC-0CAF7290E0A0}
	EndGlobalSection
EndGlobal
